
Microsoft Visual Studio Solution File, Format Version 12.00
# Visual Studio 15
VisualStudioVersion = 15.0.26730.16
MinimumVisualStudioVersion = 10.0.40219.1
Project("{8BC9CEB8-8B4A-11D0-8D11-00A0C91BC942}") = "Task 1", "Task 1\Task 1.vcxproj", "{92B86A92-28E3-4E4E-A19F-083C691EBBFC}"
EndProject
Project("{8BC9CEB8-8B4A-11D0-8D11-00A0C91BC942}") = "Task 2", "Task 2\Task 2.vcxproj", "{05C10678-A5C3-4B50-BB3C-DCE40F1E4992}"
EndProject
Project("{8BC9CEB8-8B4A-11D0-8D11-00A0C91BC942}") = "Task 3", "Task 3\Task 3.vcxproj", "{91439BFC-18CA-4A67-9559-AC7977062276}"
EndProject
Project("{8BC9CEB8-8B4A-11D0-8D11-00A0C91BC942}") = "Classwork", "Classwork\Classwork.vcxproj", "{14DEFE4F-7B27-4920-BC75-50B6C12B9ADB}"
EndProject
Global
	GlobalSection(SolutionConfigurationPlatforms) = preSolution
		Debug|x64 = Debug|x64
		Debug|x86 = Debug|x86
		Release|x64 = Release|x64
		Release|x86 = Release|x86
	EndGlobalSection
	GlobalSection(ProjectConfigurationPlatforms) = postSolution
		{92B86A92-28E3-4E4E-A19F-083C691EBBFC}.Debug|x64.ActiveCfg = Debug|x64
		{92B86A92-28E3-4E4E-A19F-083C691EBBFC}.Debug|x64.Build.0 = Debug|x64
		{92B86A92-28E3-4E4E-A19F-083C691EBBFC}.Debug|x86.ActiveCfg = Debug|Win32
		{92B86A92-28E3-4E4E-A19F-083C691EBBFC}.Debug|x86.Build.0 = Debug|Win32
		{92B86A92-28E3-4E4E-A19F-083C691EBBFC}.Release|x64.ActiveCfg = Release|x64
		{92B86A92-28E3-4E4E-A19F-083C691EBBFC}.Release|x64.Build.0 = Release|x64
		{92B86A92-28E3-4E4E-A19F-083C691EBBFC}.Release|x86.ActiveCfg = Release|Win32
		{92B86A92-28E3-4E4E-A19F-083C691EBBFC}.Release|x86.Build.0 = Release|Win32
		{05C10678-A5C3-4B50-BB3C-DCE40F1E4992}.Debug|x64.ActiveCfg = Debug|x64
		{05C10678-A5C3-4B50-BB3C-DCE40F1E4992}.Debug|x64.Build.0 = Debug|x64
		{05C10678-A5C3-4B50-BB3C-DCE40F1E4992}.Debug|x86.ActiveCfg = Debug|Win32
		{05C10678-A5C3-4B50-BB3C-DCE40F1E4992}.Debug|x86.Build.0 = Debug|Win32
		{05C10678-A5C3-4B50-BB3C-DCE40F1E4992}.Release|x64.ActiveCfg = Release|x64
		{05C10678-A5C3-4B50-BB3C-DCE40F1E4992}.Release|x64.Build.0 = Release|x64
		{05C10678-A5C3-4B50-BB3C-DCE40F1E4992}.Release|x86.ActiveCfg = Release|Win32
		{05C10678-A5C3-4B50-BB3C-DCE40F1E4992}.Release|x86.Build.0 = Release|Win32
		{91439BFC-18CA-4A67-9559-AC7977062276}.Debug|x64.ActiveCfg = Debug|x64
		{91439BFC-18CA-4A67-9559-AC7977062276}.Debug|x64.Build.0 = Debug|x64
		{91439BFC-18CA-4A67-9559-AC7977062276}.Debug|x86.ActiveCfg = Debug|Win32
		{91439BFC-18CA-4A67-9559-AC7977062276}.Debug|x86.Build.0 = Debug|Win32
		{91439BFC-18CA-4A67-9559-AC7977062276}.Release|x64.ActiveCfg = Release|x64
		{91439BFC-18CA-4A67-9559-AC7977062276}.Release|x64.Build.0 = Release|x64
		{91439BFC-18CA-4A67-9559-AC7977062276}.Release|x86.ActiveCfg = Release|Win32
		{91439BFC-18CA-4A67-9559-AC7977062276}.Release|x86.Build.0 = Release|Win32
		{14DEFE4F-7B27-4920-BC75-50B6C12B9ADB}.Debug|x64.ActiveCfg = Debug|x64
		{14DEFE4F-7B27-4920-BC75-50B6C12B9ADB}.Debug|x64.Build.0 = Debug|x64
		{14DEFE4F-7B27-4920-BC75-50B6C12B9ADB}.Debug|x86.ActiveCfg = Debug|Win32
		{14DEFE4F-7B27-4920-BC75-50B6C12B9ADB}.Debug|x86.Build.0 = Debug|Win32
		{14DEFE4F-7B27-4920-BC75-50B6C12B9ADB}.Release|x64.ActiveCfg = Release|x64
		{14DEFE4F-7B27-4920-BC75-50B6C12B9ADB}.Release|x64.Build.0 = Release|x64
		{14DEFE4F-7B27-4920-BC75-50B6C12B9ADB}.Release|x86.ActiveCfg = Release|Win32
		{14DEFE4F-7B27-4920-BC75-50B6C12B9ADB}.Release|x86.Build.0 = Release|Win32
	EndGlobalSection
	GlobalSection(SolutionProperties) = preSolution
		HideSolutionNode = FALSE
	EndGlobalSection
	GlobalSection(ExtensibilityGlobals) = postSolution
		SolutionGuid = {C397B7CB-FA5F-4E71-A3C3-CD3EEDBD02D0}
	EndGlobalSection
EndGlobal
