
Microsoft Visual Studio Solution File, Format Version 12.00
# Visual Studio 15
VisualStudioVersion = 15.0.26730.16
MinimumVisualStudioVersion = 10.0.40219.1
Project("{8BC9CEB8-8B4A-11D0-8D11-00A0C91BC942}") = "Task 1", "Task 1\Task 1.vcxproj", "{9C31B38F-25BA-486E-8D3B-308C41C2DFC7}"
EndProject
Project("{8BC9CEB8-8B4A-11D0-8D11-00A0C91BC942}") = "Task 2", "Task 2\Task 2.vcxproj", "{DC0A5CB8-D573-4E5A-AB58-A44C83C67EDC}"
EndProject
Project("{8BC9CEB8-8B4A-11D0-8D11-00A0C91BC942}") = "Task 3", "Task 3\Task 3.vcxproj", "{0A671913-64C9-420E-B15E-B382B558AEE6}"
EndProject
Global
	GlobalSection(SolutionConfigurationPlatforms) = preSolution
		Debug|x64 = Debug|x64
		Debug|x86 = Debug|x86
		Release|x64 = Release|x64
		Release|x86 = Release|x86
	EndGlobalSection
	GlobalSection(ProjectConfigurationPlatforms) = postSolution
		{9C31B38F-25BA-486E-8D3B-308C41C2DFC7}.Debug|x64.ActiveCfg = Debug|x64
		{9C31B38F-25BA-486E-8D3B-308C41C2DFC7}.Debug|x64.Build.0 = Debug|x64
		{9C31B38F-25BA-486E-8D3B-308C41C2DFC7}.Debug|x86.ActiveCfg = Debug|Win32
		{9C31B38F-25BA-486E-8D3B-308C41C2DFC7}.Debug|x86.Build.0 = Debug|Win32
		{9C31B38F-25BA-486E-8D3B-308C41C2DFC7}.Release|x64.ActiveCfg = Release|x64
		{9C31B38F-25BA-486E-8D3B-308C41C2DFC7}.Release|x64.Build.0 = Release|x64
		{9C31B38F-25BA-486E-8D3B-308C41C2DFC7}.Release|x86.ActiveCfg = Release|Win32
		{9C31B38F-25BA-486E-8D3B-308C41C2DFC7}.Release|x86.Build.0 = Release|Win32
		{DC0A5CB8-D573-4E5A-AB58-A44C83C67EDC}.Debug|x64.ActiveCfg = Debug|x64
		{DC0A5CB8-D573-4E5A-AB58-A44C83C67EDC}.Debug|x64.Build.0 = Debug|x64
		{DC0A5CB8-D573-4E5A-AB58-A44C83C67EDC}.Debug|x86.ActiveCfg = Debug|Win32
		{DC0A5CB8-D573-4E5A-AB58-A44C83C67EDC}.Debug|x86.Build.0 = Debug|Win32
		{DC0A5CB8-D573-4E5A-AB58-A44C83C67EDC}.Release|x64.ActiveCfg = Release|x64
		{DC0A5CB8-D573-4E5A-AB58-A44C83C67EDC}.Release|x64.Build.0 = Release|x64
		{DC0A5CB8-D573-4E5A-AB58-A44C83C67EDC}.Release|x86.ActiveCfg = Release|Win32
		{DC0A5CB8-D573-4E5A-AB58-A44C83C67EDC}.Release|x86.Build.0 = Release|Win32
		{0A671913-64C9-420E-B15E-B382B558AEE6}.Debug|x64.ActiveCfg = Debug|x64
		{0A671913-64C9-420E-B15E-B382B558AEE6}.Debug|x64.Build.0 = Debug|x64
		{0A671913-64C9-420E-B15E-B382B558AEE6}.Debug|x86.ActiveCfg = Debug|Win32
		{0A671913-64C9-420E-B15E-B382B558AEE6}.Debug|x86.Build.0 = Debug|Win32
		{0A671913-64C9-420E-B15E-B382B558AEE6}.Release|x64.ActiveCfg = Release|x64
		{0A671913-64C9-420E-B15E-B382B558AEE6}.Release|x64.Build.0 = Release|x64
		{0A671913-64C9-420E-B15E-B382B558AEE6}.Release|x86.ActiveCfg = Release|Win32
		{0A671913-64C9-420E-B15E-B382B558AEE6}.Release|x86.Build.0 = Release|Win32
	EndGlobalSection
	GlobalSection(SolutionProperties) = preSolution
		HideSolutionNode = FALSE
	EndGlobalSection
	GlobalSection(ExtensibilityGlobals) = postSolution
		SolutionGuid = {628F7337-67F4-49ED-A083-278CCEF24387}
	EndGlobalSection
EndGlobal
